
Microsoft Visual Studio Solution File, Format Version 12.00
# Visual Studio 15
VisualStudioVersion = 15.0.36001.139
MinimumVisualStudioVersion = 10.0.40219.1
Project("{FAE04EC0-301F-11D3-BF4B-00C04F79EFBC}") = "GCC_Canteen", "GCC_Canteen.csproj", "{D059A4B3-AC94-472E-B884-8CF81452C5D7}"
EndProject
Global
	GlobalSection(SolutionConfigurationPlatforms) = preSolution
		Debug|Any CPU = Debug|Any CPU
		Release|Any CPU = Release|Any CPU
	EndGlobalSection
	GlobalSection(ProjectConfigurationPlatforms) = postSolution
		{D059A4B3-AC94-472E-B884-8CF81452C5D7}.Debug|Any CPU.ActiveCfg = Debug|Any CPU
		{D059A4B3-AC94-472E-B884-8CF81452C5D7}.Debug|Any CPU.Build.0 = Debug|Any CPU
		{D059A4B3-AC94-472E-B884-8CF81452C5D7}.Release|Any CPU.ActiveCfg = Release|Any CPU
		{D059A4B3-AC94-472E-B884-8CF81452C5D7}.Release|Any CPU.Build.0 = Release|Any CPU
	EndGlobalSection
	GlobalSection(SolutionProperties) = preSolution
		HideSolutionNode = FALSE
	EndGlobalSection
	GlobalSection(ExtensibilityGlobals) = postSolution
		SolutionGuid = {C08901DA-F62E-4CF8-92ED-93A1CB5E2EA4}
	EndGlobalSection
EndGlobal
